// !$*UTF8*$!
{
	archiveVersion = 1;
	classes = {
	};
	objectVersion = 46;
	objects = {

/* Begin PBXBuildFile section */
		8C7BA79176519AB7A2846A83 /* libPods-RemoteControl_ios.a in Frameworks */ = {isa = PBXBuildFile; fileRef = CF4DC048EE82EC0C11DD2D2E /* libPods-RemoteControl_ios.a */; };
		FC494B1C1E1CC6F3005D91FE /* SocketControl.mm in Sources */ = {isa = PBXBuildFile; fileRef = FC494B1B1E1CC6F3005D91FE /* SocketControl.mm */; };
		FC494B221E1CCC46005D91FE /* SetViewController.m in Sources */ = {isa = PBXBuildFile; fileRef = FC494B201E1CCC46005D91FE /* SetViewController.m */; };
		FC494B231E1CCC46005D91FE /* SetViewController.xib in Resources */ = {isa = PBXBuildFile; fileRef = FC494B211E1CCC46005D91FE /* SetViewController.xib */; };
		FC494B271E1CD027005D91FE /* MainViewController.m in Sources */ = {isa = PBXBuildFile; fileRef = FC494B251E1CD027005D91FE /* MainViewController.m */; };
		FC494B281E1CD027005D91FE /* MainViewController.xib in Resources */ = {isa = PBXBuildFile; fileRef = FC494B261E1CD027005D91FE /* MainViewController.xib */; };
		FC494B311E1CD19B005D91FE /* MainNavigationController.m in Sources */ = {isa = PBXBuildFile; fileRef = FC494B301E1CD19B005D91FE /* MainNavigationController.m */; };
		FC5CAF0F1E1BA0DB00DCAFA7 /* main.m in Sources */ = {isa = PBXBuildFile; fileRef = FC5CAF0E1E1BA0DB00DCAFA7 /* main.m */; };
		FC5CAF121E1BA0DB00DCAFA7 /* AppDelegate.m in Sources */ = {isa = PBXBuildFile; fileRef = FC5CAF111E1BA0DB00DCAFA7 /* AppDelegate.m */; };
		FC5CAF151E1BA0DB00DCAFA7 /* ViewController.m in Sources */ = {isa = PBXBuildFile; fileRef = FC5CAF141E1BA0DB00DCAFA7 /* ViewController.m */; };
		FC5CAF181E1BA0DB00DCAFA7 /* Main.storyboard in Resources */ = {isa = PBXBuildFile; fileRef = FC5CAF161E1BA0DB00DCAFA7 /* Main.storyboard */; };
		FC5CAF1A1E1BA0DB00DCAFA7 /* Assets.xcassets in Resources */ = {isa = PBXBuildFile; fileRef = FC5CAF191E1BA0DB00DCAFA7 /* Assets.xcassets */; };
		FC5CAF1D1E1BA0DB00DCAFA7 /* LaunchScreen.storyboard in Resources */ = {isa = PBXBuildFile; fileRef = FC5CAF1B1E1BA0DB00DCAFA7 /* LaunchScreen.storyboard */; };
		FC5CAF281E1BA0DB00DCAFA7 /* RemoteControl_iosTests.m in Sources */ = {isa = PBXBuildFile; fileRef = FC5CAF271E1BA0DB00DCAFA7 /* RemoteControl_iosTests.m */; };
		FC5CAF331E1BA0DB00DCAFA7 /* RemoteControl_iosUITests.m in Sources */ = {isa = PBXBuildFile; fileRef = FC5CAF321E1BA0DB00DCAFA7 /* RemoteControl_iosUITests.m */; };
		FC659CC91E236CE70028DE0F /* OpenURLViewController.m in Sources */ = {isa = PBXBuildFile; fileRef = FC659CC71E236CE70028DE0F /* OpenURLViewController.m */; };
		FC659CCA1E236CE70028DE0F /* OpenURLViewController.xib in Resources */ = {isa = PBXBuildFile; fileRef = FC659CC81E236CE70028DE0F /* OpenURLViewController.xib */; };
		FC659CCE1E237BCC0028DE0F /* background1.jpg in Resources */ = {isa = PBXBuildFile; fileRef = FC659CCD1E237BCC0028DE0F /* background1.jpg */; };
		FC7282E61E1D01B300C078D2 /* CommandLineViewController.m in Sources */ = {isa = PBXBuildFile; fileRef = FC7282E41E1D01B300C078D2 /* CommandLineViewController.m */; };
		FC7282E71E1D01B300C078D2 /* CommandLineViewController.xib in Resources */ = {isa = PBXBuildFile; fileRef = FC7282E51E1D01B300C078D2 /* CommandLineViewController.xib */; };
		FCC860161E24BCE5004713A0 /* FileManagerViewController.m in Sources */ = {isa = PBXBuildFile; fileRef = FCC860151E24BCE5004713A0 /* FileManagerViewController.m */; };
		FCC8601C1E24DF2F004713A0 /* FileListEntity.m in Sources */ = {isa = PBXBuildFile; fileRef = FCC8601B1E24DF2F004713A0 /* FileListEntity.m */; };
		FCF76D841E1F4C51008DF19E /* README.md in Sources */ = {isa = PBXBuildFile; fileRef = FCF76D831E1F4C51008DF19E /* README.md */; };
/* End PBXBuildFile section */

/* Begin PBXContainerItemProxy section */
		FC5CAF241E1BA0DB00DCAFA7 /* PBXContainerItemProxy */ = {
			isa = PBXContainerItemProxy;
			containerPortal = FC5CAF021E1BA0DB00DCAFA7 /* Project object */;
			proxyType = 1;
			remoteGlobalIDString = FC5CAF091E1BA0DB00DCAFA7;
			remoteInfo = RemoteControl_ios;
		};
		FC5CAF2F1E1BA0DB00DCAFA7 /* PBXContainerItemProxy */ = {
			isa = PBXContainerItemProxy;
			containerPortal = FC5CAF021E1BA0DB00DCAFA7 /* Project object */;
			proxyType = 1;
			remoteGlobalIDString = FC5CAF091E1BA0DB00DCAFA7;
			remoteInfo = RemoteControl_ios;
		};
/* End PBXContainerItemProxy section */

/* Begin PBXFileReference section */
		6D686269E9EB4B6756C4B109 /* Pods-RemoteControl_ios.release.xcconfig */ = {isa = PBXFileReference; includeInIndex = 1; lastKnownFileType = text.xcconfig; name = "Pods-RemoteControl_ios.release.xcconfig"; path = "Pods/Target Support Files/Pods-RemoteControl_ios/Pods-RemoteControl_ios.release.xcconfig"; sourceTree = "<group>"; };
		72727C7EE7E438D1EE3272B5 /* Pods-RemoteControl_ios.debug.xcconfig */ = {isa = PBXFileReference; includeInIndex = 1; lastKnownFileType = text.xcconfig; name = "Pods-RemoteControl_ios.debug.xcconfig"; path = "Pods/Target Support Files/Pods-RemoteControl_ios/Pods-RemoteControl_ios.debug.xcconfig"; sourceTree = "<group>"; };
		CF4DC048EE82EC0C11DD2D2E /* libPods-RemoteControl_ios.a */ = {isa = PBXFileReference; explicitFileType = archive.ar; includeInIndex = 0; path = "libPods-RemoteControl_ios.a"; sourceTree = BUILT_PRODUCTS_DIR; };
		FC494B1A1E1CC6F3005D91FE /* SocketControl.h */ = {isa = PBXFileReference; fileEncoding = 4; lastKnownFileType = sourcecode.c.h; path = SocketControl.h; sourceTree = "<group>"; };
		FC494B1B1E1CC6F3005D91FE /* SocketControl.mm */ = {isa = PBXFileReference; fileEncoding = 4; lastKnownFileType = sourcecode.cpp.objcpp; path = SocketControl.mm; sourceTree = "<group>"; };
		FC494B1E1E1CC880005D91FE /* SocketMacro.h */ = {isa = PBXFileReference; lastKnownFileType = sourcecode.c.h; name = SocketMacro.h; path = ../../../../RemoteControl_mac/RemoteControl_mac/Classes/Macro/SocketMacro.h; sourceTree = "<group>"; };
		FC494B1F1E1CCC46005D91FE /* SetViewController.h */ = {isa = PBXFileReference; fileEncoding = 4; lastKnownFileType = sourcecode.c.h; name = SetViewController.h; path = Set/SetViewController.h; sourceTree = "<group>"; };
		FC494B201E1CCC46005D91FE /* SetViewController.m */ = {isa = PBXFileReference; fileEncoding = 4; lastKnownFileType = sourcecode.c.objc; name = SetViewController.m; path = Set/SetViewController.m; sourceTree = "<group>"; };
		FC494B211E1CCC46005D91FE /* SetViewController.xib */ = {isa = PBXFileReference; fileEncoding = 4; lastKnownFileType = file.xib; name = SetViewController.xib; path = Set/SetViewController.xib; sourceTree = "<group>"; };
		FC494B241E1CD027005D91FE /* MainViewController.h */ = {isa = PBXFileReference; fileEncoding = 4; lastKnownFileType = sourcecode.c.h; path = MainViewController.h; sourceTree = "<group>"; };
		FC494B251E1CD027005D91FE /* MainViewController.m */ = {isa = PBXFileReference; fileEncoding = 4; lastKnownFileType = sourcecode.c.objc; path = MainViewController.m; sourceTree = "<group>"; };
		FC494B261E1CD027005D91FE /* MainViewController.xib */ = {isa = PBXFileReference; fileEncoding = 4; lastKnownFileType = file.xib; path = MainViewController.xib; sourceTree = "<group>"; };
		FC494B2F1E1CD19B005D91FE /* MainNavigationController.h */ = {isa = PBXFileReference; fileEncoding = 4; lastKnownFileType = sourcecode.c.h; path = MainNavigationController.h; sourceTree = "<group>"; };
		FC494B301E1CD19B005D91FE /* MainNavigationController.m */ = {isa = PBXFileReference; fileEncoding = 4; lastKnownFileType = sourcecode.c.objc; path = MainNavigationController.m; sourceTree = "<group>"; };
		FC5CAF0A1E1BA0DB00DCAFA7 /* RemoteControl_ios.app */ = {isa = PBXFileReference; explicitFileType = wrapper.application; includeInIndex = 0; path = RemoteControl_ios.app; sourceTree = BUILT_PRODUCTS_DIR; };
		FC5CAF0E1E1BA0DB00DCAFA7 /* main.m */ = {isa = PBXFileReference; lastKnownFileType = sourcecode.c.objc; path = main.m; sourceTree = "<group>"; };
		FC5CAF101E1BA0DB00DCAFA7 /* AppDelegate.h */ = {isa = PBXFileReference; lastKnownFileType = sourcecode.c.h; path = AppDelegate.h; sourceTree = "<group>"; };
		FC5CAF111E1BA0DB00DCAFA7 /* AppDelegate.m */ = {isa = PBXFileReference; lastKnownFileType = sourcecode.c.objc; path = AppDelegate.m; sourceTree = "<group>"; };
		FC5CAF131E1BA0DB00DCAFA7 /* ViewController.h */ = {isa = PBXFileReference; lastKnownFileType = sourcecode.c.h; path = ViewController.h; sourceTree = "<group>"; };
		FC5CAF141E1BA0DB00DCAFA7 /* ViewController.m */ = {isa = PBXFileReference; lastKnownFileType = sourcecode.c.objc; path = ViewController.m; sourceTree = "<group>"; };
		FC5CAF171E1BA0DB00DCAFA7 /* Base */ = {isa = PBXFileReference; lastKnownFileType = file.storyboard; name = Base; path = Base.lproj/Main.storyboard; sourceTree = "<group>"; };
		FC5CAF191E1BA0DB00DCAFA7 /* Assets.xcassets */ = {isa = PBXFileReference; lastKnownFileType = folder.assetcatalog; path = Assets.xcassets; sourceTree = "<group>"; };
		FC5CAF1C1E1BA0DB00DCAFA7 /* Base */ = {isa = PBXFileReference; lastKnownFileType = file.storyboard; name = Base; path = Base.lproj/LaunchScreen.storyboard; sourceTree = "<group>"; };
		FC5CAF1E1E1BA0DB00DCAFA7 /* Info.plist */ = {isa = PBXFileReference; lastKnownFileType = text.plist.xml; path = Info.plist; sourceTree = "<group>"; };
		FC5CAF231E1BA0DB00DCAFA7 /* RemoteControl_iosTests.xctest */ = {isa = PBXFileReference; explicitFileType = wrapper.cfbundle; includeInIndex = 0; path = RemoteControl_iosTests.xctest; sourceTree = BUILT_PRODUCTS_DIR; };
		FC5CAF271E1BA0DB00DCAFA7 /* RemoteControl_iosTests.m */ = {isa = PBXFileReference; lastKnownFileType = sourcecode.c.objc; path = RemoteControl_iosTests.m; sourceTree = "<group>"; };
		FC5CAF291E1BA0DB00DCAFA7 /* Info.plist */ = {isa = PBXFileReference; lastKnownFileType = text.plist.xml; path = Info.plist; sourceTree = "<group>"; };
		FC5CAF2E1E1BA0DB00DCAFA7 /* RemoteControl_iosUITests.xctest */ = {isa = PBXFileReference; explicitFileType = wrapper.cfbundle; includeInIndex = 0; path = RemoteControl_iosUITests.xctest; sourceTree = BUILT_PRODUCTS_DIR; };
		FC5CAF321E1BA0DB00DCAFA7 /* RemoteControl_iosUITests.m */ = {isa = PBXFileReference; lastKnownFileType = sourcecode.c.objc; path = RemoteControl_iosUITests.m; sourceTree = "<group>"; };
		FC5CAF341E1BA0DB00DCAFA7 /* Info.plist */ = {isa = PBXFileReference; lastKnownFileType = text.plist.xml; path = Info.plist; sourceTree = "<group>"; };
		FC659CC61E236CE70028DE0F /* OpenURLViewController.h */ = {isa = PBXFileReference; fileEncoding = 4; lastKnownFileType = sourcecode.c.h; name = OpenURLViewController.h; path = OpenURL/OpenURLViewController.h; sourceTree = "<group>"; };
		FC659CC71E236CE70028DE0F /* OpenURLViewController.m */ = {isa = PBXFileReference; fileEncoding = 4; lastKnownFileType = sourcecode.c.objc; name = OpenURLViewController.m; path = OpenURL/OpenURLViewController.m; sourceTree = "<group>"; };
		FC659CC81E236CE70028DE0F /* OpenURLViewController.xib */ = {isa = PBXFileReference; fileEncoding = 4; lastKnownFileType = file.xib; name = OpenURLViewController.xib; path = OpenURL/OpenURLViewController.xib; sourceTree = "<group>"; };
		FC659CCD1E237BCC0028DE0F /* background1.jpg */ = {isa = PBXFileReference; lastKnownFileType = image.jpeg; path = background1.jpg; sourceTree = "<group>"; };
		FC7282E31E1D01B300C078D2 /* CommandLineViewController.h */ = {isa = PBXFileReference; fileEncoding = 4; lastKnownFileType = sourcecode.c.h; path = CommandLineViewController.h; sourceTree = "<group>"; };
		FC7282E41E1D01B300C078D2 /* CommandLineViewController.m */ = {isa = PBXFileReference; fileEncoding = 4; lastKnownFileType = sourcecode.c.objc; path = CommandLineViewController.m; sourceTree = "<group>"; };
		FC7282E51E1D01B300C078D2 /* CommandLineViewController.xib */ = {isa = PBXFileReference; fileEncoding = 4; lastKnownFileType = file.xib; path = CommandLineViewController.xib; sourceTree = "<group>"; };
		FCC860141E24BCE5004713A0 /* FileManagerViewController.h */ = {isa = PBXFileReference; fileEncoding = 4; lastKnownFileType = sourcecode.c.h; name = FileManagerViewController.h; path = FileManager/FileManagerViewController.h; sourceTree = "<group>"; };
		FCC860151E24BCE5004713A0 /* FileManagerViewController.m */ = {isa = PBXFileReference; fileEncoding = 4; lastKnownFileType = sourcecode.c.objc; name = FileManagerViewController.m; path = FileManager/FileManagerViewController.m; sourceTree = "<group>"; };
		FCC8601A1E24DF2F004713A0 /* FileListEntity.h */ = {isa = PBXFileReference; fileEncoding = 4; lastKnownFileType = sourcecode.c.h; name = FileListEntity.h; path = FileListEntity/FileListEntity.h; sourceTree = "<group>"; };
		FCC8601B1E24DF2F004713A0 /* FileListEntity.m */ = {isa = PBXFileReference; fileEncoding = 4; lastKnownFileType = sourcecode.c.objc; name = FileListEntity.m; path = FileListEntity/FileListEntity.m; sourceTree = "<group>"; };
		FCF76D831E1F4C51008DF19E /* README.md */ = {isa = PBXFileReference; fileEncoding = 4; lastKnownFileType = net.daringfireball.markdown; name = README.md; path = ../README.md; sourceTree = "<group>"; };
/* End PBXFileReference section */

/* Begin PBXFrameworksBuildPhase section */
		FC5CAF071E1BA0DB00DCAFA7 /* Frameworks */ = {
			isa = PBXFrameworksBuildPhase;
			buildActionMask = 2147483647;
			files = (
				8C7BA79176519AB7A2846A83 /* libPods-RemoteControl_ios.a in Frameworks */,
			);
			runOnlyForDeploymentPostprocessing = 0;
		};
		FC5CAF201E1BA0DB00DCAFA7 /* Frameworks */ = {
			isa = PBXFrameworksBuildPhase;
			buildActionMask = 2147483647;
			files = (
			);
			runOnlyForDeploymentPostprocessing = 0;
		};
		FC5CAF2B1E1BA0DB00DCAFA7 /* Frameworks */ = {
			isa = PBXFrameworksBuildPhase;
			buildActionMask = 2147483647;
			files = (
			);
			runOnlyForDeploymentPostprocessing = 0;
		};
/* End PBXFrameworksBuildPhase section */

/* Begin PBXGroup section */
		38E90AF6BD3AFFFCDDF1438B /* Frameworks */ = {
			isa = PBXGroup;
			children = (
				CF4DC048EE82EC0C11DD2D2E /* libPods-RemoteControl_ios.a */,
			);
			name = Frameworks;
			sourceTree = "<group>";
		};
		8E6550080652B5A77227A338 /* Pods */ = {
			isa = PBXGroup;
			children = (
				72727C7EE7E438D1EE3272B5 /* Pods-RemoteControl_ios.debug.xcconfig */,
				6D686269E9EB4B6756C4B109 /* Pods-RemoteControl_ios.release.xcconfig */,
			);
			name = Pods;
			sourceTree = "<group>";
		};
		FC494B091E1CC4A3005D91FE /* Classes */ = {
			isa = PBXGroup;
			children = (
				FC494B0A1E1CC4A3005D91FE /* Common */,
				FC494B0B1E1CC4A3005D91FE /* Macro */,
				FC494B0C1E1CC4A3005D91FE /* Modules */,
			);
			path = Classes;
			sourceTree = "<group>";
		};
		FC494B0A1E1CC4A3005D91FE /* Common */ = {
			isa = PBXGroup;
			children = (
				FCC860191E24DE42004713A0 /* FileListEntity */,
			);
			path = Common;
			sourceTree = "<group>";
		};
		FC494B0B1E1CC4A3005D91FE /* Macro */ = {
			isa = PBXGroup;
			children = (
				FC494B1E1E1CC880005D91FE /* SocketMacro.h */,
			);
			path = Macro;
			sourceTree = "<group>";
		};
		FC494B0C1E1CC4A3005D91FE /* Modules */ = {
			isa = PBXGroup;
			children = (
				FCC860131E24BA6C004713A0 /* FileManager */,
				FC659CC51E236CBA0028DE0F /* OpenURL */,
				FC7282DB1E1CFF9800C078D2 /* CommandLine */,
				FC494B191E1CC6F3005D91FE /* Socket */,
				FC494B111E1CC613005D91FE /* Set */,
				FC494B0D1E1CC4A3005D91FE /* Main */,
			);
			path = Modules;
			sourceTree = "<group>";
		};
		FC494B0D1E1CC4A3005D91FE /* Main */ = {
			isa = PBXGroup;
			children = (
				FC494B241E1CD027005D91FE /* MainViewController.h */,
				FC494B251E1CD027005D91FE /* MainViewController.m */,
				FC494B2F1E1CD19B005D91FE /* MainNavigationController.h */,
				FC494B301E1CD19B005D91FE /* MainNavigationController.m */,
				FC494B261E1CD027005D91FE /* MainViewController.xib */,
			);
			path = Main;
			sourceTree = "<group>";
		};
		FC494B111E1CC613005D91FE /* Set */ = {
			isa = PBXGroup;
			children = (
				FC494B1F1E1CCC46005D91FE /* SetViewController.h */,
				FC494B201E1CCC46005D91FE /* SetViewController.m */,
				FC494B211E1CCC46005D91FE /* SetViewController.xib */,
			);
			name = Set;
			sourceTree = "<group>";
		};
		FC494B191E1CC6F3005D91FE /* Socket */ = {
			isa = PBXGroup;
			children = (
				FC494B1A1E1CC6F3005D91FE /* SocketControl.h */,
				FC494B1B1E1CC6F3005D91FE /* SocketControl.mm */,
			);
			path = Socket;
			sourceTree = "<group>";
		};
		FC5CAF011E1BA0DB00DCAFA7 = {
			isa = PBXGroup;
			children = (
				FCF76D831E1F4C51008DF19E /* README.md */,
				FC5CAF0C1E1BA0DB00DCAFA7 /* RemoteControl_ios */,
				FC5CAF261E1BA0DB00DCAFA7 /* RemoteControl_iosTests */,
				FC5CAF311E1BA0DB00DCAFA7 /* RemoteControl_iosUITests */,
				FC5CAF0B1E1BA0DB00DCAFA7 /* Products */,
				8E6550080652B5A77227A338 /* Pods */,
				38E90AF6BD3AFFFCDDF1438B /* Frameworks */,
			);
			sourceTree = "<group>";
		};
		FC5CAF0B1E1BA0DB00DCAFA7 /* Products */ = {
			isa = PBXGroup;
			children = (
				FC5CAF0A1E1BA0DB00DCAFA7 /* RemoteControl_ios.app */,
				FC5CAF231E1BA0DB00DCAFA7 /* RemoteControl_iosTests.xctest */,
				FC5CAF2E1E1BA0DB00DCAFA7 /* RemoteControl_iosUITests.xctest */,
			);
			name = Products;
			sourceTree = "<group>";
		};
		FC5CAF0C1E1BA0DB00DCAFA7 /* RemoteControl_ios */ = {
			isa = PBXGroup;
			children = (
				FC659CCC1E237BCC0028DE0F /* Resources */,
				FC494B091E1CC4A3005D91FE /* Classes */,
				FC5CAF101E1BA0DB00DCAFA7 /* AppDelegate.h */,
				FC5CAF111E1BA0DB00DCAFA7 /* AppDelegate.m */,
				FC5CAF131E1BA0DB00DCAFA7 /* ViewController.h */,
				FC5CAF141E1BA0DB00DCAFA7 /* ViewController.m */,
				FC5CAF161E1BA0DB00DCAFA7 /* Main.storyboard */,
				FC5CAF191E1BA0DB00DCAFA7 /* Assets.xcassets */,
				FC5CAF1B1E1BA0DB00DCAFA7 /* LaunchScreen.storyboard */,
				FC5CAF1E1E1BA0DB00DCAFA7 /* Info.plist */,
				FC5CAF0D1E1BA0DB00DCAFA7 /* Supporting Files */,
			);
			path = RemoteControl_ios;
			sourceTree = "<group>";
		};
		FC5CAF0D1E1BA0DB00DCAFA7 /* Supporting Files */ = {
			isa = PBXGroup;
			children = (
				FC5CAF0E1E1BA0DB00DCAFA7 /* main.m */,
			);
			name = "Supporting Files";
			sourceTree = "<group>";
		};
		FC5CAF261E1BA0DB00DCAFA7 /* RemoteControl_iosTests */ = {
			isa = PBXGroup;
			children = (
				FC5CAF271E1BA0DB00DCAFA7 /* RemoteControl_iosTests.m */,
				FC5CAF291E1BA0DB00DCAFA7 /* Info.plist */,
			);
			path = RemoteControl_iosTests;
			sourceTree = "<group>";
		};
		FC5CAF311E1BA0DB00DCAFA7 /* RemoteControl_iosUITests */ = {
			isa = PBXGroup;
			children = (
				FC5CAF321E1BA0DB00DCAFA7 /* RemoteControl_iosUITests.m */,
				FC5CAF341E1BA0DB00DCAFA7 /* Info.plist */,
			);
			path = RemoteControl_iosUITests;
			sourceTree = "<group>";
		};
		FC659CC51E236CBA0028DE0F /* OpenURL */ = {
			isa = PBXGroup;
			children = (
				FC659CC61E236CE70028DE0F /* OpenURLViewController.h */,
				FC659CC71E236CE70028DE0F /* OpenURLViewController.m */,
				FC659CC81E236CE70028DE0F /* OpenURLViewController.xib */,
			);
			name = OpenURL;
			sourceTree = "<group>";
		};
		FC659CCC1E237BCC0028DE0F /* Resources */ = {
			isa = PBXGroup;
			children = (
				FC659CCD1E237BCC0028DE0F /* background1.jpg */,
			);
			path = Resources;
			sourceTree = "<group>";
		};
		FC7282DB1E1CFF9800C078D2 /* CommandLine */ = {
			isa = PBXGroup;
			children = (
				FC7282E31E1D01B300C078D2 /* CommandLineViewController.h */,
				FC7282E41E1D01B300C078D2 /* CommandLineViewController.m */,
				FC7282E51E1D01B300C078D2 /* CommandLineViewController.xib */,
			);
			path = CommandLine;
			sourceTree = "<group>";
		};
		FCC860131E24BA6C004713A0 /* FileManager */ = {
			isa = PBXGroup;
			children = (
				FCC860141E24BCE5004713A0 /* FileManagerViewController.h */,
				FCC860151E24BCE5004713A0 /* FileManagerViewController.m */,
			);
			name = FileManager;
			sourceTree = "<group>";
		};
		FCC860191E24DE42004713A0 /* FileListEntity */ = {
			isa = PBXGroup;
			children = (
				FCC8601A1E24DF2F004713A0 /* FileListEntity.h */,
				FCC8601B1E24DF2F004713A0 /* FileListEntity.m */,
			);
			name = FileListEntity;
			sourceTree = "<group>";
		};
/* End PBXGroup section */

/* Begin PBXNativeTarget section */
		FC5CAF091E1BA0DB00DCAFA7 /* RemoteControl_ios */ = {
			isa = PBXNativeTarget;
			buildConfigurationList = FC5CAF371E1BA0DB00DCAFA7 /* Build configuration list for PBXNativeTarget "RemoteControl_ios" */;
			buildPhases = (
				E0FC403344D152CCA34764A2 /* [CP] Check Pods Manifest.lock */,
				FC5CAF061E1BA0DB00DCAFA7 /* Sources */,
				FC5CAF071E1BA0DB00DCAFA7 /* Frameworks */,
				FC5CAF081E1BA0DB00DCAFA7 /* Resources */,
				E0A03C4FE8ADA010A2497EF6 /* [CP] Embed Pods Frameworks */,
				D64D95A2346E3D761C0137FD /* [CP] Copy Pods Resources */,
			);
			buildRules = (
			);
			dependencies = (
			);
			name = RemoteControl_ios;
			productName = RemoteControl_ios;
			productReference = FC5CAF0A1E1BA0DB00DCAFA7 /* RemoteControl_ios.app */;
			productType = "com.apple.product-type.application";
		};
		FC5CAF221E1BA0DB00DCAFA7 /* RemoteControl_iosTests */ = {
			isa = PBXNativeTarget;
			buildConfigurationList = FC5CAF3A1E1BA0DB00DCAFA7 /* Build configuration list for PBXNativeTarget "RemoteControl_iosTests" */;
			buildPhases = (
				FC5CAF1F1E1BA0DB00DCAFA7 /* Sources */,
				FC5CAF201E1BA0DB00DCAFA7 /* Frameworks */,
				FC5CAF211E1BA0DB00DCAFA7 /* Resources */,
			);
			buildRules = (
			);
			dependencies = (
				FC5CAF251E1BA0DB00DCAFA7 /* PBXTargetDependency */,
			);
			name = RemoteControl_iosTests;
			productName = RemoteControl_iosTests;
			productReference = FC5CAF231E1BA0DB00DCAFA7 /* RemoteControl_iosTests.xctest */;
			productType = "com.apple.product-type.bundle.unit-test";
		};
		FC5CAF2D1E1BA0DB00DCAFA7 /* RemoteControl_iosUITests */ = {
			isa = PBXNativeTarget;
			buildConfigurationList = FC5CAF3D1E1BA0DB00DCAFA7 /* Build configuration list for PBXNativeTarget "RemoteControl_iosUITests" */;
			buildPhases = (
				FC5CAF2A1E1BA0DB00DCAFA7 /* Sources */,
				FC5CAF2B1E1BA0DB00DCAFA7 /* Frameworks */,
				FC5CAF2C1E1BA0DB00DCAFA7 /* Resources */,
			);
			buildRules = (
			);
			dependencies = (
				FC5CAF301E1BA0DB00DCAFA7 /* PBXTargetDependency */,
			);
			name = RemoteControl_iosUITests;
			productName = RemoteControl_iosUITests;
			productReference = FC5CAF2E1E1BA0DB00DCAFA7 /* RemoteControl_iosUITests.xctest */;
			productType = "com.apple.product-type.bundle.ui-testing";
		};
/* End PBXNativeTarget section */

/* Begin PBXProject section */
		FC5CAF021E1BA0DB00DCAFA7 /* Project object */ = {
			isa = PBXProject;
			attributes = {
				LastUpgradeCheck = 0730;
				ORGANIZATIONNAME = cxh;
				TargetAttributes = {
					FC5CAF091E1BA0DB00DCAFA7 = {
						CreatedOnToolsVersion = 7.3;
						DevelopmentTeam = QHEB22MVD3;
					};
					FC5CAF221E1BA0DB00DCAFA7 = {
						CreatedOnToolsVersion = 7.3;
						TestTargetID = FC5CAF091E1BA0DB00DCAFA7;
					};
					FC5CAF2D1E1BA0DB00DCAFA7 = {
						CreatedOnToolsVersion = 7.3;
						TestTargetID = FC5CAF091E1BA0DB00DCAFA7;
					};
				};
			};
			buildConfigurationList = FC5CAF051E1BA0DB00DCAFA7 /* Build configuration list for PBXProject "RemoteControl_ios" */;
			compatibilityVersion = "Xcode 3.2";
			developmentRegion = English;
			hasScannedForEncodings = 0;
			knownRegions = (
				en,
				Base,
			);
			mainGroup = FC5CAF011E1BA0DB00DCAFA7;
			productRefGroup = FC5CAF0B1E1BA0DB00DCAFA7 /* Products */;
			projectDirPath = "";
			projectRoot = "";
			targets = (
				FC5CAF091E1BA0DB00DCAFA7 /* RemoteControl_ios */,
				FC5CAF221E1BA0DB00DCAFA7 /* RemoteControl_iosTests */,
				FC5CAF2D1E1BA0DB00DCAFA7 /* RemoteControl_iosUITests */,
			);
		};
/* End PBXProject section */

/* Begin PBXResourcesBuildPhase section */
		FC5CAF081E1BA0DB00DCAFA7 /* Resources */ = {
			isa = PBXResourcesBuildPhase;
			buildActionMask = 2147483647;
			files = (
				FC7282E71E1D01B300C078D2 /* CommandLineViewController.xib in Resources */,
				FC5CAF1D1E1BA0DB00DCAFA7 /* LaunchScreen.storyboard in Resources */,
				FC494B231E1CCC46005D91FE /* SetViewController.xib in Resources */,
				FC494B281E1CD027005D91FE /* MainViewController.xib in Resources */,
				FC5CAF1A1E1BA0DB00DCAFA7 /* Assets.xcassets in Resources */,
				FC659CCA1E236CE70028DE0F /* OpenURLViewController.xib in Resources */,
				FC5CAF181E1BA0DB00DCAFA7 /* Main.storyboard in Resources */,
				FC659CCE1E237BCC0028DE0F /* background1.jpg in Resources */,
			);
			runOnlyForDeploymentPostprocessing = 0;
		};
		FC5CAF211E1BA0DB00DCAFA7 /* Resources */ = {
			isa = PBXResourcesBuildPhase;
			buildActionMask = 2147483647;
			files = (
			);
			runOnlyForDeploymentPostprocessing = 0;
		};
		FC5CAF2C1E1BA0DB00DCAFA7 /* Resources */ = {
			isa = PBXResourcesBuildPhase;
			buildActionMask = 2147483647;
			files = (
			);
			runOnlyForDeploymentPostprocessing = 0;
		};
/* End PBXResourcesBuildPhase section */

/* Begin PBXShellScriptBuildPhase section */
		D64D95A2346E3D761C0137FD /* [CP] Copy Pods Resources */ = {
			isa = PBXShellScriptBuildPhase;
			buildActionMask = 2147483647;
			files = (
			);
			inputPaths = (
			);
			name = "[CP] Copy Pods Resources";
			outputPaths = (
			);
			runOnlyForDeploymentPostprocessing = 0;
			shellPath = /bin/sh;
			shellScript = "\"${SRCROOT}/Pods/Target Support Files/Pods-RemoteControl_ios/Pods-RemoteControl_ios-resources.sh\"\n";
			showEnvVarsInLog = 0;
		};
		E0A03C4FE8ADA010A2497EF6 /* [CP] Embed Pods Frameworks */ = {
			isa = PBXShellScriptBuildPhase;
			buildActionMask = 2147483647;
			files = (
			);
			inputPaths = (
			);
			name = "[CP] Embed Pods Frameworks";
			outputPaths = (
			);
			runOnlyForDeploymentPostprocessing = 0;
			shellPath = /bin/sh;
			shellScript = "\"${SRCROOT}/Pods/Target Support Files/Pods-RemoteControl_ios/Pods-RemoteControl_ios-frameworks.sh\"\n";
			showEnvVarsInLog = 0;
		};
		E0FC403344D152CCA34764A2 /* [CP] Check Pods Manifest.lock */ = {
			isa = PBXShellScriptBuildPhase;
			buildActionMask = 2147483647;
			files = (
			);
			inputPaths = (
			);
			name = "[CP] Check Pods Manifest.lock";
			outputPaths = (
			);
			runOnlyForDeploymentPostprocessing = 0;
			shellPath = /bin/sh;
			shellScript = "diff \"${PODS_ROOT}/../Podfile.lock\" \"${PODS_ROOT}/Manifest.lock\" > /dev/null\nif [[ $? != 0 ]] ; then\n    cat << EOM\nerror: The sandbox is not in sync with the Podfile.lock. Run 'pod install' or update your CocoaPods installation.\nEOM\n    exit 1\nfi\n";
			showEnvVarsInLog = 0;
		};
/* End PBXShellScriptBuildPhase section */

/* Begin PBXSourcesBuildPhase section */
		FC5CAF061E1BA0DB00DCAFA7 /* Sources */ = {
			isa = PBXSourcesBuildPhase;
			buildActionMask = 2147483647;
			files = (
				FCC8601C1E24DF2F004713A0 /* FileListEntity.m in Sources */,
				FC5CAF151E1BA0DB00DCAFA7 /* ViewController.m in Sources */,
				FC494B271E1CD027005D91FE /* MainViewController.m in Sources */,
				FC659CC91E236CE70028DE0F /* OpenURLViewController.m in Sources */,
				FCC860161E24BCE5004713A0 /* FileManagerViewController.m in Sources */,
				FC5CAF121E1BA0DB00DCAFA7 /* AppDelegate.m in Sources */,
				FC494B1C1E1CC6F3005D91FE /* SocketControl.mm in Sources */,
				FC7282E61E1D01B300C078D2 /* CommandLineViewController.m in Sources */,
				FC5CAF0F1E1BA0DB00DCAFA7 /* main.m in Sources */,
				FCF76D841E1F4C51008DF19E /* README.md in Sources */,
				FC494B311E1CD19B005D91FE /* MainNavigationController.m in Sources */,
				FC494B221E1CCC46005D91FE /* SetViewController.m in Sources */,
			);
			runOnlyForDeploymentPostprocessing = 0;
		};
		FC5CAF1F1E1BA0DB00DCAFA7 /* Sources */ = {
			isa = PBXSourcesBuildPhase;
			buildActionMask = 2147483647;
			files = (
				FC5CAF281E1BA0DB00DCAFA7 /* RemoteControl_iosTests.m in Sources */,
			);
			runOnlyForDeploymentPostprocessing = 0;
		};
		FC5CAF2A1E1BA0DB00DCAFA7 /* Sources */ = {
			isa = PBXSourcesBuildPhase;
			buildActionMask = 2147483647;
			files = (
				FC5CAF331E1BA0DB00DCAFA7 /* RemoteControl_iosUITests.m in Sources */,
			);
			runOnlyForDeploymentPostprocessing = 0;
		};
/* End PBXSourcesBuildPhase section */

/* Begin PBXTargetDependency section */
		FC5CAF251E1BA0DB00DCAFA7 /* PBXTargetDependency */ = {
			isa = PBXTargetDependency;
			target = FC5CAF091E1BA0DB00DCAFA7 /* RemoteControl_ios */;
			targetProxy = FC5CAF241E1BA0DB00DCAFA7 /* PBXContainerItemProxy */;
		};
		FC5CAF301E1BA0DB00DCAFA7 /* PBXTargetDependency */ = {
			isa = PBXTargetDependency;
			target = FC5CAF091E1BA0DB00DCAFA7 /* RemoteControl_ios */;
			targetProxy = FC5CAF2F1E1BA0DB00DCAFA7 /* PBXContainerItemProxy */;
		};
/* End PBXTargetDependency section */

/* Begin PBXVariantGroup section */
		FC5CAF161E1BA0DB00DCAFA7 /* Main.storyboard */ = {
			isa = PBXVariantGroup;
			children = (
				FC5CAF171E1BA0DB00DCAFA7 /* Base */,
			);
			name = Main.storyboard;
			sourceTree = "<group>";
		};
		FC5CAF1B1E1BA0DB00DCAFA7 /* LaunchScreen.storyboard */ = {
			isa = PBXVariantGroup;
			children = (
				FC5CAF1C1E1BA0DB00DCAFA7 /* Base */,
			);
			name = LaunchScreen.storyboard;
			sourceTree = "<group>";
		};
/* End PBXVariantGroup section */

/* Begin XCBuildConfiguration section */
		FC5CAF351E1BA0DB00DCAFA7 /* Debug */ = {
			isa = XCBuildConfiguration;
			buildSettings = {
				ALWAYS_SEARCH_USER_PATHS = NO;
				CLANG_ANALYZER_NONNULL = YES;
				CLANG_CXX_LANGUAGE_STANDARD = "gnu++0x";
				CLANG_CXX_LIBRARY = "libc++";
				CLANG_ENABLE_MODULES = YES;
				CLANG_ENABLE_OBJC_ARC = YES;
				CLANG_WARN_BOOL_CONVERSION = YES;
				CLANG_WARN_CONSTANT_CONVERSION = YES;
				CLANG_WARN_DIRECT_OBJC_ISA_USAGE = YES_ERROR;
				CLANG_WARN_EMPTY_BODY = YES;
				CLANG_WARN_ENUM_CONVERSION = YES;
				CLANG_WARN_INT_CONVERSION = YES;
				CLANG_WARN_OBJC_ROOT_CLASS = YES_ERROR;
				CLANG_WARN_UNREACHABLE_CODE = YES;
				CLANG_WARN__DUPLICATE_METHOD_MATCH = YES;
				"CODE_SIGN_IDENTITY[sdk=iphoneos*]" = "iPhone Developer";
				COPY_PHASE_STRIP = NO;
				DEBUG_INFORMATION_FORMAT = dwarf;
				ENABLE_STRICT_OBJC_MSGSEND = YES;
				ENABLE_TESTABILITY = YES;
				GCC_C_LANGUAGE_STANDARD = gnu99;
				GCC_DYNAMIC_NO_PIC = NO;
				GCC_NO_COMMON_BLOCKS = YES;
				GCC_OPTIMIZATION_LEVEL = 0;
				GCC_PREPROCESSOR_DEFINITIONS = (
					"DEBUG=1",
					"$(inherited)",
				);
				GCC_WARN_64_TO_32_BIT_CONVERSION = YES;
				GCC_WARN_ABOUT_RETURN_TYPE = YES_ERROR;
				GCC_WARN_UNDECLARED_SELECTOR = YES;
				GCC_WARN_UNINITIALIZED_AUTOS = YES_AGGRESSIVE;
				GCC_WARN_UNUSED_FUNCTION = YES;
				GCC_WARN_UNUSED_VARIABLE = YES;
				IPHONEOS_DEPLOYMENT_TARGET = 9.3;
				MTL_ENABLE_DEBUG_INFO = YES;
				ONLY_ACTIVE_ARCH = YES;
				SDKROOT = iphoneos;
				TARGETED_DEVICE_FAMILY = "1,2";
			};
			name = Debug;
		};
		FC5CAF361E1BA0DB00DCAFA7 /* Release */ = {
			isa = XCBuildConfiguration;
			buildSettings = {
				ALWAYS_SEARCH_USER_PATHS = NO;
				CLANG_ANALYZER_NONNULL = YES;
				CLANG_CXX_LANGUAGE_STANDARD = "gnu++0x";
				CLANG_CXX_LIBRARY = "libc++";
				CLANG_ENABLE_MODULES = YES;
				CLANG_ENABLE_OBJC_ARC = YES;
				CLANG_WARN_BOOL_CONVERSION = YES;
				CLANG_WARN_CONSTANT_CONVERSION = YES;
				CLANG_WARN_DIRECT_OBJC_ISA_USAGE = YES_ERROR;
				CLANG_WARN_EMPTY_BODY = YES;
				CLANG_WARN_ENUM_CONVERSION = YES;
				CLANG_WARN_INT_CONVERSION = YES;
				CLANG_WARN_OBJC_ROOT_CLASS = YES_ERROR;
				CLANG_WARN_UNREACHABLE_CODE = YES;
				CLANG_WARN__DUPLICATE_METHOD_MATCH = YES;
				"CODE_SIGN_IDENTITY[sdk=iphoneos*]" = "iPhone Developer";
				COPY_PHASE_STRIP = NO;
				DEBUG_INFORMATION_FORMAT = "dwarf-with-dsym";
				ENABLE_NS_ASSERTIONS = NO;
				ENABLE_STRICT_OBJC_MSGSEND = YES;
				GCC_C_LANGUAGE_STANDARD = gnu99;
				GCC_NO_COMMON_BLOCKS = YES;
				GCC_WARN_64_TO_32_BIT_CONVERSION = YES;
				GCC_WARN_ABOUT_RETURN_TYPE = YES_ERROR;
				GCC_WARN_UNDECLARED_SELECTOR = YES;
				GCC_WARN_UNINITIALIZED_AUTOS = YES_AGGRESSIVE;
				GCC_WARN_UNUSED_FUNCTION = YES;
				GCC_WARN_UNUSED_VARIABLE = YES;
				IPHONEOS_DEPLOYMENT_TARGET = 9.3;
				MTL_ENABLE_DEBUG_INFO = NO;
				SDKROOT = iphoneos;
				TARGETED_DEVICE_FAMILY = "1,2";
				VALIDATE_PRODUCT = YES;
			};
			name = Release;
		};
		FC5CAF381E1BA0DB00DCAFA7 /* Debug */ = {
			isa = XCBuildConfiguration;
			baseConfigurationReference = 72727C7EE7E438D1EE3272B5 /* Pods-RemoteControl_ios.debug.xcconfig */;
			buildSettings = {
				ASSETCATALOG_COMPILER_APPICON_NAME = AppIcon;
				DEVELOPMENT_TEAM = QHEB22MVD3;
				INFOPLIST_FILE = RemoteControl_ios/Info.plist;
				LD_RUNPATH_SEARCH_PATHS = "$(inherited) @executable_path/Frameworks";
				PRODUCT_BUNDLE_IDENTIFIER = "www.duole.login.RemoteControl-ios";
				PRODUCT_NAME = "$(TARGET_NAME)";
			};
			name = Debug;
		};
		FC5CAF391E1BA0DB00DCAFA7 /* Release */ = {
			isa = XCBuildConfiguration;
			baseConfigurationReference = 6D686269E9EB4B6756C4B109 /* Pods-RemoteControl_ios.release.xcconfig */;
			buildSettings = {
				ASSETCATALOG_COMPILER_APPICON_NAME = AppIcon;
				DEVELOPMENT_TEAM = QHEB22MVD3;
				INFOPLIST_FILE = RemoteControl_ios/Info.plist;
				LD_RUNPATH_SEARCH_PATHS = "$(inherited) @executable_path/Frameworks";
				PRODUCT_BUNDLE_IDENTIFIER = "www.duole.login.RemoteControl-ios";
				PRODUCT_NAME = "$(TARGET_NAME)";
			};
			name = Release;
		};
		FC5CAF3B1E1BA0DB00DCAFA7 /* Debug */ = {
			isa = XCBuildConfiguration;
			buildSettings = {
				BUNDLE_LOADER = "$(TEST_HOST)";
				INFOPLIST_FILE = RemoteControl_iosTests/Info.plist;
				LD_RUNPATH_SEARCH_PATHS = "$(inherited) @executable_path/Frameworks @loader_path/Frameworks";
				PRODUCT_BUNDLE_IDENTIFIER = "www.duole.login.RemoteControl-iosTests";
				PRODUCT_NAME = "$(TARGET_NAME)";
				TEST_HOST = "$(BUILT_PRODUCTS_DIR)/RemoteControl_ios.app/RemoteControl_ios";
			};
			name = Debug;
		};
		FC5CAF3C1E1BA0DB00DCAFA7 /* Release */ = {
			isa = XCBuildConfiguration;
			buildSettings = {
				BUNDLE_LOADER = "$(TEST_HOST)";
				INFOPLIST_FILE = RemoteControl_iosTests/Info.plist;
				LD_RUNPATH_SEARCH_PATHS = "$(inherited) @executable_path/Frameworks @loader_path/Frameworks";
				PRODUCT_BUNDLE_IDENTIFIER = "www.duole.login.RemoteControl-iosTests";
				PRODUCT_NAME = "$(TARGET_NAME)";
				TEST_HOST = "$(BUILT_PRODUCTS_DIR)/RemoteControl_ios.app/RemoteControl_ios";
			};
			name = Release;
		};
		FC5CAF3E1E1BA0DB00DCAFA7 /* Debug */ = {
			isa = XCBuildConfiguration;
			buildSettings = {
				INFOPLIST_FILE = RemoteControl_iosUITests/Info.plist;
				LD_RUNPATH_SEARCH_PATHS = "$(inherited) @executable_path/Frameworks @loader_path/Frameworks";
				PRODUCT_BUNDLE_IDENTIFIER = "www.duole.login.RemoteControl-iosUITests";
				PRODUCT_NAME = "$(TARGET_NAME)";
				TEST_TARGET_NAME = RemoteControl_ios;
			};
			name = Debug;
		};
		FC5CAF3F1E1BA0DB00DCAFA7 /* Release */ = {
			isa = XCBuildConfiguration;
			buildSettings = {
				INFOPLIST_FILE = RemoteControl_iosUITests/Info.plist;
				LD_RUNPATH_SEARCH_PATHS = "$(inherited) @executable_path/Frameworks @loader_path/Frameworks";
				PRODUCT_BUNDLE_IDENTIFIER = "www.duole.login.RemoteControl-iosUITests";
				PRODUCT_NAME = "$(TARGET_NAME)";
				TEST_TARGET_NAME = RemoteControl_ios;
			};
			name = Release;
		};
/* End XCBuildConfiguration section */

/* Begin XCConfigurationList section */
		FC5CAF051E1BA0DB00DCAFA7 /* Build configuration list for PBXProject "RemoteControl_ios" */ = {
			isa = XCConfigurationList;
			buildConfigurations = (
				FC5CAF351E1BA0DB00DCAFA7 /* Debug */,
				FC5CAF361E1BA0DB00DCAFA7 /* Release */,
			);
			defaultConfigurationIsVisible = 0;
			defaultConfigurationName = Release;
		};
		FC5CAF371E1BA0DB00DCAFA7 /* Build configuration list for PBXNativeTarget "RemoteControl_ios" */ = {
			isa = XCConfigurationList;
			buildConfigurations = (
				FC5CAF381E1BA0DB00DCAFA7 /* Debug */,
				FC5CAF391E1BA0DB00DCAFA7 /* Release */,
			);
			defaultConfigurationIsVisible = 0;
			defaultConfigurationName = Release;
		};
		FC5CAF3A1E1BA0DB00DCAFA7 /* Build configuration list for PBXNativeTarget "RemoteControl_iosTests" */ = {
			isa = XCConfigurationList;
			buildConfigurations = (
				FC5CAF3B1E1BA0DB00DCAFA7 /* Debug */,
				FC5CAF3C1E1BA0DB00DCAFA7 /* Release */,
			);
			defaultConfigurationIsVisible = 0;
			defaultConfigurationName = Release;
		};
		FC5CAF3D1E1BA0DB00DCAFA7 /* Build configuration list for PBXNativeTarget "RemoteControl_iosUITests" */ = {
			isa = XCConfigurationList;
			buildConfigurations = (
				FC5CAF3E1E1BA0DB00DCAFA7 /* Debug */,
				FC5CAF3F1E1BA0DB00DCAFA7 /* Release */,
			);
			defaultConfigurationIsVisible = 0;
			defaultConfigurationName = Release;
		};
/* End XCConfigurationList section */
	};
	rootObject = FC5CAF021E1BA0DB00DCAFA7 /* Project object */;
}
