// !$*UTF8*$!
{
	archiveVersion = 1;
	classes = {
	};
	objectVersion = 46;
	objects = {

/* Begin PBXBuildFile section */
		B3ABCC2DB7A31DC81838A7A4 /* libPods-RemoteControl_mac.a in Frameworks */ = {isa = PBXBuildFile; fileRef = 111C2CF9F0AA50EAAF3D0543 /* libPods-RemoteControl_mac.a */; };
		FC20C20C1E1DE51B00DBAC75 /* ShutDownController.mm in Sources */ = {isa = PBXBuildFile; fileRef = FC20C20B1E1DE51B00DBAC75 /* ShutDownController.mm */; };
		FC2197CC1E2876B600C64FAB /* FileInfoEntity.m in Sources */ = {isa = PBXBuildFile; fileRef = FC2197CA1E2876B600C64FAB /* FileInfoEntity.m */; };
		FC51B83A1E1DE352009723A5 /* Carbon.framework in Frameworks */ = {isa = PBXBuildFile; fileRef = FC51B8391E1DE352009723A5 /* Carbon.framework */; };
		FC5CAED61E1BA04A00DCAFA7 /* AppDelegate.m in Sources */ = {isa = PBXBuildFile; fileRef = FC5CAED51E1BA04A00DCAFA7 /* AppDelegate.m */; };
		FC5CAED91E1BA04A00DCAFA7 /* main.m in Sources */ = {isa = PBXBuildFile; fileRef = FC5CAED81E1BA04A00DCAFA7 /* main.m */; };
		FC5CAEDB1E1BA04A00DCAFA7 /* Assets.xcassets in Resources */ = {isa = PBXBuildFile; fileRef = FC5CAEDA1E1BA04A00DCAFA7 /* Assets.xcassets */; };
		FC5CAEE91E1BA04A00DCAFA7 /* RemoteControl_macTests.m in Sources */ = {isa = PBXBuildFile; fileRef = FC5CAEE81E1BA04A00DCAFA7 /* RemoteControl_macTests.m */; };
		FC5CAEF41E1BA04A00DCAFA7 /* RemoteControl_macUITests.m in Sources */ = {isa = PBXBuildFile; fileRef = FC5CAEF31E1BA04A00DCAFA7 /* RemoteControl_macUITests.m */; };
		FC659CC01E2323CC0028DE0F /* MainViewController.mm in Sources */ = {isa = PBXBuildFile; fileRef = FC659CBF1E2323CC0028DE0F /* MainViewController.mm */; };
		FC659CC21E23266F0028DE0F /* Main.storyboard in Resources */ = {isa = PBXBuildFile; fileRef = FC659CC11E23266F0028DE0F /* Main.storyboard */; };
		FC6D9A941E1F298400D393F5 /* StartController.mm in Sources */ = {isa = PBXBuildFile; fileRef = FC6D9A931E1F298400D393F5 /* StartController.mm */; };
		FC6D9A971E1F2EED00D393F5 /* SavePath.m in Sources */ = {isa = PBXBuildFile; fileRef = FC6D9A961E1F2EED00D393F5 /* SavePath.m */; };
		FC7282DA1E1CFF6800C078D2 /* CommandLineController.mm in Sources */ = {isa = PBXBuildFile; fileRef = FC7282D91E1CFF6800C078D2 /* CommandLineController.mm */; };
		FCC860201E24E77F004713A0 /* FileManagerController.mm in Sources */ = {isa = PBXBuildFile; fileRef = FCC8601F1E24E77F004713A0 /* FileManagerController.mm */; };
		FCC860241E24E7BE004713A0 /* SocketControl.mm in Sources */ = {isa = PBXBuildFile; fileRef = FCC860231E24E7BE004713A0 /* SocketControl.mm */; };
		FCCECACA1E25CF4600D24EE9 /* FileListEntity.m in Sources */ = {isa = PBXBuildFile; fileRef = FCCECAC81E25CF4600D24EE9 /* FileListEntity.m */; };
		FCF76D821E1F44CC008DF19E /* README.md in Sources */ = {isa = PBXBuildFile; fileRef = FCF76D811E1F44CC008DF19E /* README.md */; };
/* End PBXBuildFile section */

/* Begin PBXContainerItemProxy section */
		FC5CAEE51E1BA04A00DCAFA7 /* PBXContainerItemProxy */ = {
			isa = PBXContainerItemProxy;
			containerPortal = FC5CAEC91E1BA04A00DCAFA7 /* Project object */;
			proxyType = 1;
			remoteGlobalIDString = FC5CAED01E1BA04A00DCAFA7;
			remoteInfo = RemoteControl_mac;
		};
		FC5CAEF01E1BA04A00DCAFA7 /* PBXContainerItemProxy */ = {
			isa = PBXContainerItemProxy;
			containerPortal = FC5CAEC91E1BA04A00DCAFA7 /* Project object */;
			proxyType = 1;
			remoteGlobalIDString = FC5CAED01E1BA04A00DCAFA7;
			remoteInfo = RemoteControl_mac;
		};
/* End PBXContainerItemProxy section */

/* Begin PBXFileReference section */
		111C2CF9F0AA50EAAF3D0543 /* libPods-RemoteControl_mac.a */ = {isa = PBXFileReference; explicitFileType = archive.ar; includeInIndex = 0; path = "libPods-RemoteControl_mac.a"; sourceTree = BUILT_PRODUCTS_DIR; };
		4788D4DA6CA462B8A5F5E5E9 /* Pods-RemoteControl_mac.debug.xcconfig */ = {isa = PBXFileReference; includeInIndex = 1; lastKnownFileType = text.xcconfig; name = "Pods-RemoteControl_mac.debug.xcconfig"; path = "Pods/Target Support Files/Pods-RemoteControl_mac/Pods-RemoteControl_mac.debug.xcconfig"; sourceTree = "<group>"; };
		EA263DD9C8DBACD9E295E1BB /* Pods-RemoteControl_mac.release.xcconfig */ = {isa = PBXFileReference; includeInIndex = 1; lastKnownFileType = text.xcconfig; name = "Pods-RemoteControl_mac.release.xcconfig"; path = "Pods/Target Support Files/Pods-RemoteControl_mac/Pods-RemoteControl_mac.release.xcconfig"; sourceTree = "<group>"; };
		FC20C20A1E1DE51B00DBAC75 /* ShutDownController.h */ = {isa = PBXFileReference; fileEncoding = 4; lastKnownFileType = sourcecode.c.h; name = ShutDownController.h; path = ShutDown/ShutDownController.h; sourceTree = "<group>"; };
		FC20C20B1E1DE51B00DBAC75 /* ShutDownController.mm */ = {isa = PBXFileReference; fileEncoding = 4; lastKnownFileType = sourcecode.cpp.objcpp; name = ShutDownController.mm; path = ShutDown/ShutDownController.mm; sourceTree = "<group>"; };
		FC2197C91E2876B600C64FAB /* FileInfoEntity.h */ = {isa = PBXFileReference; fileEncoding = 4; lastKnownFileType = sourcecode.c.h; name = FileInfoEntity.h; path = FileInfoEntity/FileInfoEntity.h; sourceTree = "<group>"; };
		FC2197CA1E2876B600C64FAB /* FileInfoEntity.m */ = {isa = PBXFileReference; fileEncoding = 4; lastKnownFileType = sourcecode.c.objc; name = FileInfoEntity.m; path = FileInfoEntity/FileInfoEntity.m; sourceTree = "<group>"; };
		FC494B1D1E1CC7D6005D91FE /* SocketMacro.h */ = {isa = PBXFileReference; lastKnownFileType = sourcecode.c.h; path = SocketMacro.h; sourceTree = "<group>"; };
		FC51B8391E1DE352009723A5 /* Carbon.framework */ = {isa = PBXFileReference; lastKnownFileType = wrapper.framework; name = Carbon.framework; path = System/Library/Frameworks/Carbon.framework; sourceTree = SDKROOT; };
		FC5CAED11E1BA04A00DCAFA7 /* RemoteControl_mac.app */ = {isa = PBXFileReference; explicitFileType = wrapper.application; includeInIndex = 0; path = RemoteControl_mac.app; sourceTree = BUILT_PRODUCTS_DIR; };
		FC5CAED41E1BA04A00DCAFA7 /* AppDelegate.h */ = {isa = PBXFileReference; lastKnownFileType = sourcecode.c.h; path = AppDelegate.h; sourceTree = "<group>"; };
		FC5CAED51E1BA04A00DCAFA7 /* AppDelegate.m */ = {isa = PBXFileReference; lastKnownFileType = sourcecode.c.objc; path = AppDelegate.m; sourceTree = "<group>"; };
		FC5CAED81E1BA04A00DCAFA7 /* main.m */ = {isa = PBXFileReference; lastKnownFileType = sourcecode.c.objc; path = main.m; sourceTree = "<group>"; };
		FC5CAEDA1E1BA04A00DCAFA7 /* Assets.xcassets */ = {isa = PBXFileReference; lastKnownFileType = folder.assetcatalog; path = Assets.xcassets; sourceTree = "<group>"; };
		FC5CAEDF1E1BA04A00DCAFA7 /* Info.plist */ = {isa = PBXFileReference; lastKnownFileType = text.plist.xml; path = Info.plist; sourceTree = "<group>"; };
		FC5CAEE41E1BA04A00DCAFA7 /* RemoteControl_macTests.xctest */ = {isa = PBXFileReference; explicitFileType = wrapper.cfbundle; includeInIndex = 0; path = RemoteControl_macTests.xctest; sourceTree = BUILT_PRODUCTS_DIR; };
		FC5CAEE81E1BA04A00DCAFA7 /* RemoteControl_macTests.m */ = {isa = PBXFileReference; lastKnownFileType = sourcecode.c.objc; path = RemoteControl_macTests.m; sourceTree = "<group>"; };
		FC5CAEEA1E1BA04A00DCAFA7 /* Info.plist */ = {isa = PBXFileReference; lastKnownFileType = text.plist.xml; path = Info.plist; sourceTree = "<group>"; };
		FC5CAEEF1E1BA04A00DCAFA7 /* RemoteControl_macUITests.xctest */ = {isa = PBXFileReference; explicitFileType = wrapper.cfbundle; includeInIndex = 0; path = RemoteControl_macUITests.xctest; sourceTree = BUILT_PRODUCTS_DIR; };
		FC5CAEF31E1BA04A00DCAFA7 /* RemoteControl_macUITests.m */ = {isa = PBXFileReference; lastKnownFileType = sourcecode.c.objc; path = RemoteControl_macUITests.m; sourceTree = "<group>"; };
		FC5CAEF51E1BA04A00DCAFA7 /* Info.plist */ = {isa = PBXFileReference; lastKnownFileType = text.plist.xml; path = Info.plist; sourceTree = "<group>"; };
		FC5CAF431E1BA27600DCAFA7 /* Macro.h */ = {isa = PBXFileReference; fileEncoding = 4; lastKnownFileType = sourcecode.c.h; path = Macro.h; sourceTree = "<group>"; };
		FC659CBE1E2323CC0028DE0F /* MainViewController.h */ = {isa = PBXFileReference; fileEncoding = 4; lastKnownFileType = sourcecode.c.h; name = MainViewController.h; path = MainViewController/MainViewController.h; sourceTree = "<group>"; };
		FC659CBF1E2323CC0028DE0F /* MainViewController.mm */ = {isa = PBXFileReference; fileEncoding = 4; lastKnownFileType = sourcecode.cpp.objcpp; name = MainViewController.mm; path = MainViewController/MainViewController.mm; sourceTree = "<group>"; };
		FC659CC11E23266F0028DE0F /* Main.storyboard */ = {isa = PBXFileReference; fileEncoding = 4; lastKnownFileType = file.storyboard; path = Main.storyboard; sourceTree = "<group>"; };
		FC6D9A921E1F298400D393F5 /* StartController.h */ = {isa = PBXFileReference; fileEncoding = 4; lastKnownFileType = sourcecode.c.h; name = StartController.h; path = Start/StartController.h; sourceTree = "<group>"; };
		FC6D9A931E1F298400D393F5 /* StartController.mm */ = {isa = PBXFileReference; fileEncoding = 4; lastKnownFileType = sourcecode.cpp.objcpp; name = StartController.mm; path = Start/StartController.mm; sourceTree = "<group>"; };
		FC6D9A951E1F2EED00D393F5 /* SavePath.h */ = {isa = PBXFileReference; fileEncoding = 4; lastKnownFileType = sourcecode.c.h; path = SavePath.h; sourceTree = "<group>"; };
		FC6D9A961E1F2EED00D393F5 /* SavePath.m */ = {isa = PBXFileReference; fileEncoding = 4; lastKnownFileType = sourcecode.c.objc; path = SavePath.m; sourceTree = "<group>"; };
		FC7282D81E1CFF6800C078D2 /* CommandLineController.h */ = {isa = PBXFileReference; fileEncoding = 4; lastKnownFileType = sourcecode.c.h; path = CommandLineController.h; sourceTree = "<group>"; };
		FC7282D91E1CFF6800C078D2 /* CommandLineController.mm */ = {isa = PBXFileReference; fileEncoding = 4; lastKnownFileType = sourcecode.cpp.objcpp; path = CommandLineController.mm; sourceTree = "<group>"; };
		FCC8601E1E24E77F004713A0 /* FileManagerController.h */ = {isa = PBXFileReference; fileEncoding = 4; lastKnownFileType = sourcecode.c.h; name = FileManagerController.h; path = FileManager/FileManagerController.h; sourceTree = "<group>"; };
		FCC8601F1E24E77F004713A0 /* FileManagerController.mm */ = {isa = PBXFileReference; fileEncoding = 4; lastKnownFileType = sourcecode.cpp.objcpp; name = FileManagerController.mm; path = FileManager/FileManagerController.mm; sourceTree = "<group>"; };
		FCC860221E24E7BE004713A0 /* SocketControl.h */ = {isa = PBXFileReference; fileEncoding = 4; lastKnownFileType = sourcecode.c.h; path = SocketControl.h; sourceTree = "<group>"; };
		FCC860231E24E7BE004713A0 /* SocketControl.mm */ = {isa = PBXFileReference; fileEncoding = 4; lastKnownFileType = sourcecode.cpp.objcpp; path = SocketControl.mm; sourceTree = "<group>"; };
		FCCECAC71E25CF4600D24EE9 /* FileListEntity.h */ = {isa = PBXFileReference; fileEncoding = 4; lastKnownFileType = sourcecode.c.h; name = FileListEntity.h; path = FileListEntity/FileListEntity.h; sourceTree = "<group>"; };
		FCCECAC81E25CF4600D24EE9 /* FileListEntity.m */ = {isa = PBXFileReference; fileEncoding = 4; lastKnownFileType = sourcecode.c.objc; name = FileListEntity.m; path = FileListEntity/FileListEntity.m; sourceTree = "<group>"; };
		FCF76D811E1F44CC008DF19E /* README.md */ = {isa = PBXFileReference; fileEncoding = 4; lastKnownFileType = net.daringfireball.markdown; name = README.md; path = ../README.md; sourceTree = "<group>"; };
/* End PBXFileReference section */

/* Begin PBXFrameworksBuildPhase section */
		FC5CAECE1E1BA04A00DCAFA7 /* Frameworks */ = {
			isa = PBXFrameworksBuildPhase;
			buildActionMask = 2147483647;
			files = (
				FC51B83A1E1DE352009723A5 /* Carbon.framework in Frameworks */,
				B3ABCC2DB7A31DC81838A7A4 /* libPods-RemoteControl_mac.a in Frameworks */,
			);
			runOnlyForDeploymentPostprocessing = 0;
		};
		FC5CAEE11E1BA04A00DCAFA7 /* Frameworks */ = {
			isa = PBXFrameworksBuildPhase;
			buildActionMask = 2147483647;
			files = (
			);
			runOnlyForDeploymentPostprocessing = 0;
		};
		FC5CAEEC1E1BA04A00DCAFA7 /* Frameworks */ = {
			isa = PBXFrameworksBuildPhase;
			buildActionMask = 2147483647;
			files = (
			);
			runOnlyForDeploymentPostprocessing = 0;
		};
/* End PBXFrameworksBuildPhase section */

/* Begin PBXGroup section */
		9F928D16B3580FBCBC6F0C86 /* Pods */ = {
			isa = PBXGroup;
			children = (
				4788D4DA6CA462B8A5F5E5E9 /* Pods-RemoteControl_mac.debug.xcconfig */,
				EA263DD9C8DBACD9E295E1BB /* Pods-RemoteControl_mac.release.xcconfig */,
			);
			name = Pods;
			sourceTree = "<group>";
		};
		FC20C2091E1DE4E400DBAC75 /* ShutDown */ = {
			isa = PBXGroup;
			children = (
				FC20C20A1E1DE51B00DBAC75 /* ShutDownController.h */,
				FC20C20B1E1DE51B00DBAC75 /* ShutDownController.mm */,
			);
			name = ShutDown;
			sourceTree = "<group>";
		};
		FC2197CB1E2876B600C64FAB /* FileInfoEntity */ = {
			isa = PBXGroup;
			children = (
				FC2197C91E2876B600C64FAB /* FileInfoEntity.h */,
				FC2197CA1E2876B600C64FAB /* FileInfoEntity.m */,
			);
			name = FileInfoEntity;
			path = ../../../../RemoteControl_ios/RemoteControl_ios/Classes/Common;
			sourceTree = "<group>";
		};
		FC5CAEC81E1BA04A00DCAFA7 = {
			isa = PBXGroup;
			children = (
				FCF76D811E1F44CC008DF19E /* README.md */,
				FC5CAED31E1BA04A00DCAFA7 /* RemoteControl_mac */,
				FC5CAEE71E1BA04A00DCAFA7 /* RemoteControl_macTests */,
				FC5CAEF21E1BA04A00DCAFA7 /* RemoteControl_macUITests */,
				FC5CAED21E1BA04A00DCAFA7 /* Products */,
				FCF76D801E1F4492008DF19E /* Frameworks */,
				9F928D16B3580FBCBC6F0C86 /* Pods */,
			);
			sourceTree = "<group>";
		};
		FC5CAED21E1BA04A00DCAFA7 /* Products */ = {
			isa = PBXGroup;
			children = (
				FC5CAED11E1BA04A00DCAFA7 /* RemoteControl_mac.app */,
				FC5CAEE41E1BA04A00DCAFA7 /* RemoteControl_macTests.xctest */,
				FC5CAEEF1E1BA04A00DCAFA7 /* RemoteControl_macUITests.xctest */,
			);
			name = Products;
			sourceTree = "<group>";
		};
		FC5CAED31E1BA04A00DCAFA7 /* RemoteControl_mac */ = {
			isa = PBXGroup;
			children = (
				FC5CAF401E1BA27600DCAFA7 /* Classes */,
				FC5CAED41E1BA04A00DCAFA7 /* AppDelegate.h */,
				FC5CAED51E1BA04A00DCAFA7 /* AppDelegate.m */,
				FC659CC11E23266F0028DE0F /* Main.storyboard */,
				FC5CAEDA1E1BA04A00DCAFA7 /* Assets.xcassets */,
				FC5CAEDF1E1BA04A00DCAFA7 /* Info.plist */,
				FC5CAED71E1BA04A00DCAFA7 /* Supporting Files */,
			);
			path = RemoteControl_mac;
			sourceTree = "<group>";
		};
		FC5CAED71E1BA04A00DCAFA7 /* Supporting Files */ = {
			isa = PBXGroup;
			children = (
				FC5CAED81E1BA04A00DCAFA7 /* main.m */,
			);
			name = "Supporting Files";
			sourceTree = "<group>";
		};
		FC5CAEE71E1BA04A00DCAFA7 /* RemoteControl_macTests */ = {
			isa = PBXGroup;
			children = (
				FC5CAEE81E1BA04A00DCAFA7 /* RemoteControl_macTests.m */,
				FC5CAEEA1E1BA04A00DCAFA7 /* Info.plist */,
			);
			path = RemoteControl_macTests;
			sourceTree = "<group>";
		};
		FC5CAEF21E1BA04A00DCAFA7 /* RemoteControl_macUITests */ = {
			isa = PBXGroup;
			children = (
				FC5CAEF31E1BA04A00DCAFA7 /* RemoteControl_macUITests.m */,
				FC5CAEF51E1BA04A00DCAFA7 /* Info.plist */,
			);
			path = RemoteControl_macUITests;
			sourceTree = "<group>";
		};
		FC5CAF401E1BA27600DCAFA7 /* Classes */ = {
			isa = PBXGroup;
			children = (
				FC5CAF411E1BA27600DCAFA7 /* Common */,
				FC5CAF421E1BA27600DCAFA7 /* Macro */,
				FC5CAF441E1BA27600DCAFA7 /* Modules */,
			);
			path = Classes;
			sourceTree = "<group>";
		};
		FC5CAF411E1BA27600DCAFA7 /* Common */ = {
			isa = PBXGroup;
			children = (
				FC2197CB1E2876B600C64FAB /* FileInfoEntity */,
				FCCECAC91E25CF4600D24EE9 /* FileListEntity */,
				FCC860251E24EEC8004713A0 /* SavePath */,
			);
			path = Common;
			sourceTree = "<group>";
		};
		FC5CAF421E1BA27600DCAFA7 /* Macro */ = {
			isa = PBXGroup;
			children = (
				FC5CAF431E1BA27600DCAFA7 /* Macro.h */,
				FC494B1D1E1CC7D6005D91FE /* SocketMacro.h */,
			);
			path = Macro;
			sourceTree = "<group>";
		};
		FC5CAF441E1BA27600DCAFA7 /* Modules */ = {
			isa = PBXGroup;
			children = (
				FCC860211E24E7BE004713A0 /* Socket */,
				FCC8601D1E24E724004713A0 /* FileManager */,
				FC659CBA1E2321F50028DE0F /* MainViewController */,
				FC20C2091E1DE4E400DBAC75 /* ShutDown */,
				FC7282D71E1CFF6800C078D2 /* CommandLine */,
				FC6D9A911E1F296500D393F5 /* Start */,
			);
			path = Modules;
			sourceTree = "<group>";
		};
		FC659CBA1E2321F50028DE0F /* MainViewController */ = {
			isa = PBXGroup;
			children = (
				FC659CBE1E2323CC0028DE0F /* MainViewController.h */,
				FC659CBF1E2323CC0028DE0F /* MainViewController.mm */,
			);
			name = MainViewController;
			sourceTree = "<group>";
		};
		FC6D9A911E1F296500D393F5 /* Start */ = {
			isa = PBXGroup;
			children = (
				FC6D9A921E1F298400D393F5 /* StartController.h */,
				FC6D9A931E1F298400D393F5 /* StartController.mm */,
			);
			name = Start;
			sourceTree = "<group>";
		};
		FC7282D71E1CFF6800C078D2 /* CommandLine */ = {
			isa = PBXGroup;
			children = (
				FC7282D81E1CFF6800C078D2 /* CommandLineController.h */,
				FC7282D91E1CFF6800C078D2 /* CommandLineController.mm */,
			);
			path = CommandLine;
			sourceTree = "<group>";
		};
		FCC8601D1E24E724004713A0 /* FileManager */ = {
			isa = PBXGroup;
			children = (
				FCC8601E1E24E77F004713A0 /* FileManagerController.h */,
				FCC8601F1E24E77F004713A0 /* FileManagerController.mm */,
			);
			name = FileManager;
			sourceTree = "<group>";
		};
		FCC860211E24E7BE004713A0 /* Socket */ = {
			isa = PBXGroup;
			children = (
				FCC860221E24E7BE004713A0 /* SocketControl.h */,
				FCC860231E24E7BE004713A0 /* SocketControl.mm */,
			);
			path = Socket;
			sourceTree = "<group>";
		};
		FCC860251E24EEC8004713A0 /* SavePath */ = {
			isa = PBXGroup;
			children = (
				FC6D9A951E1F2EED00D393F5 /* SavePath.h */,
				FC6D9A961E1F2EED00D393F5 /* SavePath.m */,
			);
			name = SavePath;
			sourceTree = "<group>";
		};
		FCCECAC91E25CF4600D24EE9 /* FileListEntity */ = {
			isa = PBXGroup;
			children = (
				FCCECAC71E25CF4600D24EE9 /* FileListEntity.h */,
				FCCECAC81E25CF4600D24EE9 /* FileListEntity.m */,
			);
			name = FileListEntity;
			path = ../../../../RemoteControl_ios/RemoteControl_ios/Classes/Common;
			sourceTree = "<group>";
		};
		FCF76D801E1F4492008DF19E /* Frameworks */ = {
			isa = PBXGroup;
			children = (
				FC51B8391E1DE352009723A5 /* Carbon.framework */,
				111C2CF9F0AA50EAAF3D0543 /* libPods-RemoteControl_mac.a */,
			);
			name = Frameworks;
			sourceTree = "<group>";
		};
/* End PBXGroup section */

/* Begin PBXNativeTarget section */
		FC5CAED01E1BA04A00DCAFA7 /* RemoteControl_mac */ = {
			isa = PBXNativeTarget;
			buildConfigurationList = FC5CAEF81E1BA04A00DCAFA7 /* Build configuration list for PBXNativeTarget "RemoteControl_mac" */;
			buildPhases = (
				11A00F3E9F75F9E62E7BAA1C /* [CP] Check Pods Manifest.lock */,
				FC5CAECD1E1BA04A00DCAFA7 /* Sources */,
				FC5CAECE1E1BA04A00DCAFA7 /* Frameworks */,
				FC5CAECF1E1BA04A00DCAFA7 /* Resources */,
				F4EFBC2B98A7B7E0BBD440FE /* [CP] Embed Pods Frameworks */,
				085039E7597F83A74F1280F5 /* [CP] Copy Pods Resources */,
			);
			buildRules = (
			);
			dependencies = (
			);
			name = RemoteControl_mac;
			productName = RemoteControl_mac;
			productReference = FC5CAED11E1BA04A00DCAFA7 /* RemoteControl_mac.app */;
			productType = "com.apple.product-type.application";
		};
		FC5CAEE31E1BA04A00DCAFA7 /* RemoteControl_macTests */ = {
			isa = PBXNativeTarget;
			buildConfigurationList = FC5CAEFB1E1BA04A00DCAFA7 /* Build configuration list for PBXNativeTarget "RemoteControl_macTests" */;
			buildPhases = (
				FC5CAEE01E1BA04A00DCAFA7 /* Sources */,
				FC5CAEE11E1BA04A00DCAFA7 /* Frameworks */,
				FC5CAEE21E1BA04A00DCAFA7 /* Resources */,
			);
			buildRules = (
			);
			dependencies = (
				FC5CAEE61E1BA04A00DCAFA7 /* PBXTargetDependency */,
			);
			name = RemoteControl_macTests;
			productName = RemoteControl_macTests;
			productReference = FC5CAEE41E1BA04A00DCAFA7 /* RemoteControl_macTests.xctest */;
			productType = "com.apple.product-type.bundle.unit-test";
		};
		FC5CAEEE1E1BA04A00DCAFA7 /* RemoteControl_macUITests */ = {
			isa = PBXNativeTarget;
			buildConfigurationList = FC5CAEFE1E1BA04A00DCAFA7 /* Build configuration list for PBXNativeTarget "RemoteControl_macUITests" */;
			buildPhases = (
				FC5CAEEB1E1BA04A00DCAFA7 /* Sources */,
				FC5CAEEC1E1BA04A00DCAFA7 /* Frameworks */,
				FC5CAEED1E1BA04A00DCAFA7 /* Resources */,
			);
			buildRules = (
			);
			dependencies = (
				FC5CAEF11E1BA04A00DCAFA7 /* PBXTargetDependency */,
			);
			name = RemoteControl_macUITests;
			productName = RemoteControl_macUITests;
			productReference = FC5CAEEF1E1BA04A00DCAFA7 /* RemoteControl_macUITests.xctest */;
			productType = "com.apple.product-type.bundle.ui-testing";
		};
/* End PBXNativeTarget section */

/* Begin PBXProject section */
		FC5CAEC91E1BA04A00DCAFA7 /* Project object */ = {
			isa = PBXProject;
			attributes = {
				LastUpgradeCheck = 0730;
				ORGANIZATIONNAME = cxh;
				TargetAttributes = {
					FC5CAED01E1BA04A00DCAFA7 = {
						CreatedOnToolsVersion = 7.3;
					};
					FC5CAEE31E1BA04A00DCAFA7 = {
						CreatedOnToolsVersion = 7.3;
						TestTargetID = FC5CAED01E1BA04A00DCAFA7;
					};
					FC5CAEEE1E1BA04A00DCAFA7 = {
						CreatedOnToolsVersion = 7.3;
						TestTargetID = FC5CAED01E1BA04A00DCAFA7;
					};
				};
			};
			buildConfigurationList = FC5CAECC1E1BA04A00DCAFA7 /* Build configuration list for PBXProject "RemoteControl_mac" */;
			compatibilityVersion = "Xcode 3.2";
			developmentRegion = English;
			hasScannedForEncodings = 0;
			knownRegions = (
				en,
				Base,
			);
			mainGroup = FC5CAEC81E1BA04A00DCAFA7;
			productRefGroup = FC5CAED21E1BA04A00DCAFA7 /* Products */;
			projectDirPath = "";
			projectRoot = "";
			targets = (
				FC5CAED01E1BA04A00DCAFA7 /* RemoteControl_mac */,
				FC5CAEE31E1BA04A00DCAFA7 /* RemoteControl_macTests */,
				FC5CAEEE1E1BA04A00DCAFA7 /* RemoteControl_macUITests */,
			);
		};
/* End PBXProject section */

/* Begin PBXResourcesBuildPhase section */
		FC5CAECF1E1BA04A00DCAFA7 /* Resources */ = {
			isa = PBXResourcesBuildPhase;
			buildActionMask = 2147483647;
			files = (
				FC5CAEDB1E1BA04A00DCAFA7 /* Assets.xcassets in Resources */,
				FC659CC21E23266F0028DE0F /* Main.storyboard in Resources */,
			);
			runOnlyForDeploymentPostprocessing = 0;
		};
		FC5CAEE21E1BA04A00DCAFA7 /* Resources */ = {
			isa = PBXResourcesBuildPhase;
			buildActionMask = 2147483647;
			files = (
			);
			runOnlyForDeploymentPostprocessing = 0;
		};
		FC5CAEED1E1BA04A00DCAFA7 /* Resources */ = {
			isa = PBXResourcesBuildPhase;
			buildActionMask = 2147483647;
			files = (
			);
			runOnlyForDeploymentPostprocessing = 0;
		};
/* End PBXResourcesBuildPhase section */

/* Begin PBXShellScriptBuildPhase section */
		085039E7597F83A74F1280F5 /* [CP] Copy Pods Resources */ = {
			isa = PBXShellScriptBuildPhase;
			buildActionMask = 2147483647;
			files = (
			);
			inputPaths = (
			);
			name = "[CP] Copy Pods Resources";
			outputPaths = (
			);
			runOnlyForDeploymentPostprocessing = 0;
			shellPath = /bin/sh;
			shellScript = "\"${SRCROOT}/Pods/Target Support Files/Pods-RemoteControl_mac/Pods-RemoteControl_mac-resources.sh\"\n";
			showEnvVarsInLog = 0;
		};
		11A00F3E9F75F9E62E7BAA1C /* [CP] Check Pods Manifest.lock */ = {
			isa = PBXShellScriptBuildPhase;
			buildActionMask = 2147483647;
			files = (
			);
			inputPaths = (
			);
			name = "[CP] Check Pods Manifest.lock";
			outputPaths = (
			);
			runOnlyForDeploymentPostprocessing = 0;
			shellPath = /bin/sh;
			shellScript = "diff \"${PODS_ROOT}/../Podfile.lock\" \"${PODS_ROOT}/Manifest.lock\" > /dev/null\nif [[ $? != 0 ]] ; then\n    cat << EOM\nerror: The sandbox is not in sync with the Podfile.lock. Run 'pod install' or update your CocoaPods installation.\nEOM\n    exit 1\nfi\n";
			showEnvVarsInLog = 0;
		};
		F4EFBC2B98A7B7E0BBD440FE /* [CP] Embed Pods Frameworks */ = {
			isa = PBXShellScriptBuildPhase;
			buildActionMask = 2147483647;
			files = (
			);
			inputPaths = (
			);
			name = "[CP] Embed Pods Frameworks";
			outputPaths = (
			);
			runOnlyForDeploymentPostprocessing = 0;
			shellPath = /bin/sh;
			shellScript = "\"${SRCROOT}/Pods/Target Support Files/Pods-RemoteControl_mac/Pods-RemoteControl_mac-frameworks.sh\"\n";
			showEnvVarsInLog = 0;
		};
/* End PBXShellScriptBuildPhase section */

/* Begin PBXSourcesBuildPhase section */
		FC5CAECD1E1BA04A00DCAFA7 /* Sources */ = {
			isa = PBXSourcesBuildPhase;
			buildActionMask = 2147483647;
			files = (
				FC2197CC1E2876B600C64FAB /* FileInfoEntity.m in Sources */,
				FC5CAED91E1BA04A00DCAFA7 /* main.m in Sources */,
				FCCECACA1E25CF4600D24EE9 /* FileListEntity.m in Sources */,
				FC20C20C1E1DE51B00DBAC75 /* ShutDownController.mm in Sources */,
				FC7282DA1E1CFF6800C078D2 /* CommandLineController.mm in Sources */,
				FC5CAED61E1BA04A00DCAFA7 /* AppDelegate.m in Sources */,
				FC659CC01E2323CC0028DE0F /* MainViewController.mm in Sources */,
				FC6D9A941E1F298400D393F5 /* StartController.mm in Sources */,
				FC6D9A971E1F2EED00D393F5 /* SavePath.m in Sources */,
				FCF76D821E1F44CC008DF19E /* README.md in Sources */,
				FCC860241E24E7BE004713A0 /* SocketControl.mm in Sources */,
				FCC860201E24E77F004713A0 /* FileManagerController.mm in Sources */,
			);
			runOnlyForDeploymentPostprocessing = 0;
		};
		FC5CAEE01E1BA04A00DCAFA7 /* Sources */ = {
			isa = PBXSourcesBuildPhase;
			buildActionMask = 2147483647;
			files = (
				FC5CAEE91E1BA04A00DCAFA7 /* RemoteControl_macTests.m in Sources */,
			);
			runOnlyForDeploymentPostprocessing = 0;
		};
		FC5CAEEB1E1BA04A00DCAFA7 /* Sources */ = {
			isa = PBXSourcesBuildPhase;
			buildActionMask = 2147483647;
			files = (
				FC5CAEF41E1BA04A00DCAFA7 /* RemoteControl_macUITests.m in Sources */,
			);
			runOnlyForDeploymentPostprocessing = 0;
		};
/* End PBXSourcesBuildPhase section */

/* Begin PBXTargetDependency section */
		FC5CAEE61E1BA04A00DCAFA7 /* PBXTargetDependency */ = {
			isa = PBXTargetDependency;
			target = FC5CAED01E1BA04A00DCAFA7 /* RemoteControl_mac */;
			targetProxy = FC5CAEE51E1BA04A00DCAFA7 /* PBXContainerItemProxy */;
		};
		FC5CAEF11E1BA04A00DCAFA7 /* PBXTargetDependency */ = {
			isa = PBXTargetDependency;
			target = FC5CAED01E1BA04A00DCAFA7 /* RemoteControl_mac */;
			targetProxy = FC5CAEF01E1BA04A00DCAFA7 /* PBXContainerItemProxy */;
		};
/* End PBXTargetDependency section */

/* Begin XCBuildConfiguration section */
		FC5CAEF61E1BA04A00DCAFA7 /* Debug */ = {
			isa = XCBuildConfiguration;
			buildSettings = {
				ALWAYS_SEARCH_USER_PATHS = NO;
				CLANG_ANALYZER_NONNULL = YES;
				CLANG_CXX_LANGUAGE_STANDARD = "gnu++0x";
				CLANG_CXX_LIBRARY = "libc++";
				CLANG_ENABLE_MODULES = YES;
				CLANG_ENABLE_OBJC_ARC = YES;
				CLANG_WARN_BOOL_CONVERSION = YES;
				CLANG_WARN_CONSTANT_CONVERSION = YES;
				CLANG_WARN_DIRECT_OBJC_ISA_USAGE = YES_ERROR;
				CLANG_WARN_EMPTY_BODY = YES;
				CLANG_WARN_ENUM_CONVERSION = YES;
				CLANG_WARN_INT_CONVERSION = YES;
				CLANG_WARN_OBJC_ROOT_CLASS = YES_ERROR;
				CLANG_WARN_UNREACHABLE_CODE = YES;
				CLANG_WARN__DUPLICATE_METHOD_MATCH = YES;
				CODE_SIGN_IDENTITY = "-";
				COPY_PHASE_STRIP = NO;
				DEBUG_INFORMATION_FORMAT = dwarf;
				ENABLE_STRICT_OBJC_MSGSEND = YES;
				ENABLE_TESTABILITY = YES;
				GCC_C_LANGUAGE_STANDARD = gnu99;
				GCC_DYNAMIC_NO_PIC = NO;
				GCC_NO_COMMON_BLOCKS = YES;
				GCC_OPTIMIZATION_LEVEL = 0;
				GCC_PREPROCESSOR_DEFINITIONS = (
					"DEBUG=1",
					"$(inherited)",
				);
				GCC_WARN_64_TO_32_BIT_CONVERSION = YES;
				GCC_WARN_ABOUT_RETURN_TYPE = YES_ERROR;
				GCC_WARN_UNDECLARED_SELECTOR = YES;
				GCC_WARN_UNINITIALIZED_AUTOS = YES_AGGRESSIVE;
				GCC_WARN_UNUSED_FUNCTION = YES;
				GCC_WARN_UNUSED_VARIABLE = YES;
				MACOSX_DEPLOYMENT_TARGET = 10.11;
				MTL_ENABLE_DEBUG_INFO = YES;
				ONLY_ACTIVE_ARCH = YES;
				SDKROOT = macosx;
			};
			name = Debug;
		};
		FC5CAEF71E1BA04A00DCAFA7 /* Release */ = {
			isa = XCBuildConfiguration;
			buildSettings = {
				ALWAYS_SEARCH_USER_PATHS = NO;
				CLANG_ANALYZER_NONNULL = YES;
				CLANG_CXX_LANGUAGE_STANDARD = "gnu++0x";
				CLANG_CXX_LIBRARY = "libc++";
				CLANG_ENABLE_MODULES = YES;
				CLANG_ENABLE_OBJC_ARC = YES;
				CLANG_WARN_BOOL_CONVERSION = YES;
				CLANG_WARN_CONSTANT_CONVERSION = YES;
				CLANG_WARN_DIRECT_OBJC_ISA_USAGE = YES_ERROR;
				CLANG_WARN_EMPTY_BODY = YES;
				CLANG_WARN_ENUM_CONVERSION = YES;
				CLANG_WARN_INT_CONVERSION = YES;
				CLANG_WARN_OBJC_ROOT_CLASS = YES_ERROR;
				CLANG_WARN_UNREACHABLE_CODE = YES;
				CLANG_WARN__DUPLICATE_METHOD_MATCH = YES;
				CODE_SIGN_IDENTITY = "-";
				COPY_PHASE_STRIP = NO;
				DEBUG_INFORMATION_FORMAT = "dwarf-with-dsym";
				ENABLE_NS_ASSERTIONS = NO;
				ENABLE_STRICT_OBJC_MSGSEND = YES;
				GCC_C_LANGUAGE_STANDARD = gnu99;
				GCC_NO_COMMON_BLOCKS = YES;
				GCC_WARN_64_TO_32_BIT_CONVERSION = YES;
				GCC_WARN_ABOUT_RETURN_TYPE = YES_ERROR;
				GCC_WARN_UNDECLARED_SELECTOR = YES;
				GCC_WARN_UNINITIALIZED_AUTOS = YES_AGGRESSIVE;
				GCC_WARN_UNUSED_FUNCTION = YES;
				GCC_WARN_UNUSED_VARIABLE = YES;
				MACOSX_DEPLOYMENT_TARGET = 10.11;
				MTL_ENABLE_DEBUG_INFO = NO;
				SDKROOT = macosx;
			};
			name = Release;
		};
		FC5CAEF91E1BA04A00DCAFA7 /* Debug */ = {
			isa = XCBuildConfiguration;
			baseConfigurationReference = 4788D4DA6CA462B8A5F5E5E9 /* Pods-RemoteControl_mac.debug.xcconfig */;
			buildSettings = {
				ASSETCATALOG_COMPILER_APPICON_NAME = AppIcon;
				COMBINE_HIDPI_IMAGES = YES;
				INFOPLIST_FILE = RemoteControl_mac/Info.plist;
				LD_RUNPATH_SEARCH_PATHS = "$(inherited) @executable_path/../Frameworks";
				PRODUCT_BUNDLE_IDENTIFIER = "www.duole.login.RemoteControl-mac";
				PRODUCT_NAME = "$(TARGET_NAME)";
			};
			name = Debug;
		};
		FC5CAEFA1E1BA04A00DCAFA7 /* Release */ = {
			isa = XCBuildConfiguration;
			baseConfigurationReference = EA263DD9C8DBACD9E295E1BB /* Pods-RemoteControl_mac.release.xcconfig */;
			buildSettings = {
				ASSETCATALOG_COMPILER_APPICON_NAME = AppIcon;
				COMBINE_HIDPI_IMAGES = YES;
				INFOPLIST_FILE = RemoteControl_mac/Info.plist;
				LD_RUNPATH_SEARCH_PATHS = "$(inherited) @executable_path/../Frameworks";
				PRODUCT_BUNDLE_IDENTIFIER = "www.duole.login.RemoteControl-mac";
				PRODUCT_NAME = "$(TARGET_NAME)";
			};
			name = Release;
		};
		FC5CAEFC1E1BA04A00DCAFA7 /* Debug */ = {
			isa = XCBuildConfiguration;
			buildSettings = {
				BUNDLE_LOADER = "$(TEST_HOST)";
				COMBINE_HIDPI_IMAGES = YES;
				INFOPLIST_FILE = RemoteControl_macTests/Info.plist;
				LD_RUNPATH_SEARCH_PATHS = "$(inherited) @executable_path/../Frameworks @loader_path/../Frameworks";
				PRODUCT_BUNDLE_IDENTIFIER = "www.duole.login.RemoteControl-macTests";
				PRODUCT_NAME = "$(TARGET_NAME)";
				TEST_HOST = "$(BUILT_PRODUCTS_DIR)/RemoteControl_mac.app/Contents/MacOS/RemoteControl_mac";
			};
			name = Debug;
		};
		FC5CAEFD1E1BA04A00DCAFA7 /* Release */ = {
			isa = XCBuildConfiguration;
			buildSettings = {
				BUNDLE_LOADER = "$(TEST_HOST)";
				COMBINE_HIDPI_IMAGES = YES;
				INFOPLIST_FILE = RemoteControl_macTests/Info.plist;
				LD_RUNPATH_SEARCH_PATHS = "$(inherited) @executable_path/../Frameworks @loader_path/../Frameworks";
				PRODUCT_BUNDLE_IDENTIFIER = "www.duole.login.RemoteControl-macTests";
				PRODUCT_NAME = "$(TARGET_NAME)";
				TEST_HOST = "$(BUILT_PRODUCTS_DIR)/RemoteControl_mac.app/Contents/MacOS/RemoteControl_mac";
			};
			name = Release;
		};
		FC5CAEFF1E1BA04A00DCAFA7 /* Debug */ = {
			isa = XCBuildConfiguration;
			buildSettings = {
				COMBINE_HIDPI_IMAGES = YES;
				INFOPLIST_FILE = RemoteControl_macUITests/Info.plist;
				LD_RUNPATH_SEARCH_PATHS = "$(inherited) @executable_path/../Frameworks @loader_path/../Frameworks";
				PRODUCT_BUNDLE_IDENTIFIER = "www.duole.login.RemoteControl-macUITests";
				PRODUCT_NAME = "$(TARGET_NAME)";
				TEST_TARGET_NAME = RemoteControl_mac;
			};
			name = Debug;
		};
		FC5CAF001E1BA04A00DCAFA7 /* Release */ = {
			isa = XCBuildConfiguration;
			buildSettings = {
				COMBINE_HIDPI_IMAGES = YES;
				INFOPLIST_FILE = RemoteControl_macUITests/Info.plist;
				LD_RUNPATH_SEARCH_PATHS = "$(inherited) @executable_path/../Frameworks @loader_path/../Frameworks";
				PRODUCT_BUNDLE_IDENTIFIER = "www.duole.login.RemoteControl-macUITests";
				PRODUCT_NAME = "$(TARGET_NAME)";
				TEST_TARGET_NAME = RemoteControl_mac;
			};
			name = Release;
		};
/* End XCBuildConfiguration section */

/* Begin XCConfigurationList section */
		FC5CAECC1E1BA04A00DCAFA7 /* Build configuration list for PBXProject "RemoteControl_mac" */ = {
			isa = XCConfigurationList;
			buildConfigurations = (
				FC5CAEF61E1BA04A00DCAFA7 /* Debug */,
				FC5CAEF71E1BA04A00DCAFA7 /* Release */,
			);
			defaultConfigurationIsVisible = 0;
			defaultConfigurationName = Release;
		};
		FC5CAEF81E1BA04A00DCAFA7 /* Build configuration list for PBXNativeTarget "RemoteControl_mac" */ = {
			isa = XCConfigurationList;
			buildConfigurations = (
				FC5CAEF91E1BA04A00DCAFA7 /* Debug */,
				FC5CAEFA1E1BA04A00DCAFA7 /* Release */,
			);
			defaultConfigurationIsVisible = 0;
			defaultConfigurationName = Release;
		};
		FC5CAEFB1E1BA04A00DCAFA7 /* Build configuration list for PBXNativeTarget "RemoteControl_macTests" */ = {
			isa = XCConfigurationList;
			buildConfigurations = (
				FC5CAEFC1E1BA04A00DCAFA7 /* Debug */,
				FC5CAEFD1E1BA04A00DCAFA7 /* Release */,
			);
			defaultConfigurationIsVisible = 0;
			defaultConfigurationName = Release;
		};
		FC5CAEFE1E1BA04A00DCAFA7 /* Build configuration list for PBXNativeTarget "RemoteControl_macUITests" */ = {
			isa = XCConfigurationList;
			buildConfigurations = (
				FC5CAEFF1E1BA04A00DCAFA7 /* Debug */,
				FC5CAF001E1BA04A00DCAFA7 /* Release */,
			);
			defaultConfigurationIsVisible = 0;
			defaultConfigurationName = Release;
		};
/* End XCConfigurationList section */
	};
	rootObject = FC5CAEC91E1BA04A00DCAFA7 /* Project object */;
}
